
Microsoft Visual Studio Solution File, Format Version 12.00
# Visual Studio Version 16
VisualStudioVersion = 16.0.31112.23
MinimumVisualStudioVersion = 10.0.40219.1
Project("{9A19103F-16F7-4668-BE54-9A1E7A4F7556}") = "CrudVitaEfMySql", "src\CrudVitaEfMySql\CrudVitaEfMySql.csproj", "{CFDD5456-71BD-4993-96E9-21197581254D}"
EndProject
Project("{2150E333-8FDC-42A3-9474-1A3956D46DE8}") = "src", "src", "{226A2388-32C5-4DAC-BD3A-90598F4CE71C}"
EndProject
Global
	GlobalSection(SolutionConfigurationPlatforms) = preSolution
		Debug|Any CPU = Debug|Any CPU
		Release|Any CPU = Release|Any CPU
	EndGlobalSection
	GlobalSection(ProjectConfigurationPlatforms) = postSolution
		{CFDD5456-71BD-4993-96E9-21197581254D}.Debug|Any CPU.ActiveCfg = Debug|Any CPU
		{CFDD5456-71BD-4993-96E9-21197581254D}.Debug|Any CPU.Build.0 = Debug|Any CPU
		{CFDD5456-71BD-4993-96E9-21197581254D}.Release|Any CPU.ActiveCfg = Release|Any CPU
		{CFDD5456-71BD-4993-96E9-21197581254D}.Release|Any CPU.Build.0 = Release|Any CPU
	EndGlobalSection
	GlobalSection(SolutionProperties) = preSolution
		HideSolutionNode = FALSE
	EndGlobalSection
	GlobalSection(NestedProjects) = preSolution
		{CFDD5456-71BD-4993-96E9-21197581254D} = {226A2388-32C5-4DAC-BD3A-90598F4CE71C}
	EndGlobalSection
	GlobalSection(ExtensibilityGlobals) = postSolution
		SolutionGuid = {14A94E46-0089-4DB4-9BCB-FD1161B99C61}
	EndGlobalSection
EndGlobal
